
Microsoft Visual Studio Solution File, Format Version 12.00
# Visual Studio 15
VisualStudioVersion = 15.0.28307.705
MinimumVisualStudioVersion = 10.0.40219.1
Project("{9A19103F-16F7-4668-BE54-9A1E7A4F7556}") = "ShopOnline", "ShopOnline\ShopOnline.csproj", "{5793E456-4530-4BE5-8C03-D2F7460F8036}"
EndProject
Global
	GlobalSection(SolutionConfigurationPlatforms) = preSolution
		Debug|Any CPU = Debug|Any CPU
		Release|Any CPU = Release|Any CPU
	EndGlobalSection
	GlobalSection(ProjectConfigurationPlatforms) = postSolution
		{5793E456-4530-4BE5-8C03-D2F7460F8036}.Debug|Any CPU.ActiveCfg = Debug|Any CPU
		{5793E456-4530-4BE5-8C03-D2F7460F8036}.Debug|Any CPU.Build.0 = Debug|Any CPU
		{5793E456-4530-4BE5-8C03-D2F7460F8036}.Release|Any CPU.ActiveCfg = Release|Any CPU
		{5793E456-4530-4BE5-8C03-D2F7460F8036}.Release|Any CPU.Build.0 = Release|Any CPU
	EndGlobalSection
	GlobalSection(SolutionProperties) = preSolution
		HideSolutionNode = FALSE
	EndGlobalSection
	GlobalSection(ExtensibilityGlobals) = postSolution
		SolutionGuid = {69572E36-00E8-46EB-BF29-0694D5105DEE}
	EndGlobalSection
EndGlobal
